
Microsoft Visual Studio Solution File, Format Version 12.00
# Visual Studio Version 17
VisualStudioVersion = 17.11.35312.102
MinimumVisualStudioVersion = 10.0.40219.1
Project("{FAE04EC0-301F-11D3-BF4B-00C04F79EFBC}") = "To-Do List Application", "To-Do List Application.csproj", "{0AC3304D-6FCC-402A-AA13-5C518034BF61}"
EndProject
Global
	GlobalSection(SolutionConfigurationPlatforms) = preSolution
		Debug|Any CPU = Debug|Any CPU
		Release|Any CPU = Release|Any CPU
	EndGlobalSection
	GlobalSection(ProjectConfigurationPlatforms) = postSolution
		{0AC3304D-6FCC-402A-AA13-5C518034BF61}.Debug|Any CPU.ActiveCfg = Debug|Any CPU
		{0AC3304D-6FCC-402A-AA13-5C518034BF61}.Debug|Any CPU.Build.0 = Debug|Any CPU
		{0AC3304D-6FCC-402A-AA13-5C518034BF61}.Release|Any CPU.ActiveCfg = Release|Any CPU
		{0AC3304D-6FCC-402A-AA13-5C518034BF61}.Release|Any CPU.Build.0 = Release|Any CPU
	EndGlobalSection
	GlobalSection(SolutionProperties) = preSolution
		HideSolutionNode = FALSE
	EndGlobalSection
	GlobalSection(ExtensibilityGlobals) = postSolution
		SolutionGuid = {15DA6A1A-DA9E-4EC3-9F04-3035D21AE162}
	EndGlobalSection
EndGlobal
